
Microsoft Visual Studio Solution File, Format Version 12.00
# Visual Studio Version 16
VisualStudioVersion = 25.0.1706.1
MinimumVisualStudioVersion = 10.0.40219.1
Project("{FAE04EC0-301F-11D3-BF4B-00C04F79EFBC}") = "OpenProvider", "OpenProvider\OpenProvider.csproj", "{104C75D6-FD2D-430C-8BC8-F321B38C8C8B}"
EndProject
Global
	GlobalSection(SolutionConfigurationPlatforms) = preSolution
		Debug|Any CPU = Debug|Any CPU
		Release|Any CPU = Release|Any CPU
	EndGlobalSection
	GlobalSection(ProjectConfigurationPlatforms) = postSolution
		{104C75D6-FD2D-430C-8BC8-F321B38C8C8B}.Debug|Any CPU.ActiveCfg = Debug|Any CPU
		{104C75D6-FD2D-430C-8BC8-F321B38C8C8B}.Debug|Any CPU.Build.0 = Debug|Any CPU
		{104C75D6-FD2D-430C-8BC8-F321B38C8C8B}.Release|Any CPU.ActiveCfg = Release|Any CPU
		{104C75D6-FD2D-430C-8BC8-F321B38C8C8B}.Release|Any CPU.Build.0 = Release|Any CPU
	EndGlobalSection
	GlobalSection(SolutionProperties) = preSolution
		HideSolutionNode = FALSE
	EndGlobalSection
	GlobalSection(ExtensibilityGlobals) = postSolution
		SolutionGuid = {79B5D87B-4E2D-426F-B8B1-E17F47A38A03}
	EndGlobalSection
EndGlobal
